
Microsoft Visual Studio Solution File, Format Version 12.00
# Visual Studio 14
VisualStudioVersion = 14.0.25420.1
MinimumVisualStudioVersion = 10.0.40219.1
Project("{FAE04EC0-301F-11D3-BF4B-00C04F79EFBC}") = "OpenCV", "OpenCV\OpenCV.csproj", "{92555902-6990-412D-AB57-DD630C7E0489}"
EndProject
Project("{FAE04EC0-301F-11D3-BF4B-00C04F79EFBC}") = "RobotSimulator", "RobotSimulator\RobotSimulator.csproj", "{703B4626-C154-483E-A55A-91D0EF489659}"
EndProject
Project("{FAE04EC0-301F-11D3-BF4B-00C04F79EFBC}") = "AsynchronousSocketListener", "AsynchronousSocketListener\AsynchronousSocketListener.csproj", "{9F37CA02-E455-41C2-91BE-77A149CEB0F6}"
EndProject
Project("{FAE04EC0-301F-11D3-BF4B-00C04F79EFBC}") = "SynchronousSocketListener", "SynchronousSocketListener\SynchronousSocketListener.csproj", "{8CA8AF62-B36A-4703-B62F-E6C69B67C9AB}"
EndProject
Project("{FAE04EC0-301F-11D3-BF4B-00C04F79EFBC}") = "SynchronousSocketClient", "SynchronousSocketClient\SynchronousSocketClient.csproj", "{56BDFE0D-8E28-4F28-A649-31BEC5585AD2}"
EndProject
Project("{FAE04EC0-301F-11D3-BF4B-00C04F79EFBC}") = "AsynchronousSocketClient", "AsynchronousSocketClient\AsynchronousSocketClient.csproj", "{266BFE60-04E1-4982-BDD0-37C4234632D7}"
EndProject
Global
	GlobalSection(SolutionConfigurationPlatforms) = preSolution
		Debug|Any CPU = Debug|Any CPU
		Release|Any CPU = Release|Any CPU
	EndGlobalSection
	GlobalSection(ProjectConfigurationPlatforms) = postSolution
		{92555902-6990-412D-AB57-DD630C7E0489}.Debug|Any CPU.ActiveCfg = Debug|Any CPU
		{92555902-6990-412D-AB57-DD630C7E0489}.Debug|Any CPU.Build.0 = Debug|Any CPU
		{92555902-6990-412D-AB57-DD630C7E0489}.Release|Any CPU.ActiveCfg = Release|Any CPU
		{92555902-6990-412D-AB57-DD630C7E0489}.Release|Any CPU.Build.0 = Release|Any CPU
		{703B4626-C154-483E-A55A-91D0EF489659}.Debug|Any CPU.ActiveCfg = Debug|Any CPU
		{703B4626-C154-483E-A55A-91D0EF489659}.Debug|Any CPU.Build.0 = Debug|Any CPU
		{703B4626-C154-483E-A55A-91D0EF489659}.Release|Any CPU.ActiveCfg = Release|Any CPU
		{703B4626-C154-483E-A55A-91D0EF489659}.Release|Any CPU.Build.0 = Release|Any CPU
		{9F37CA02-E455-41C2-91BE-77A149CEB0F6}.Debug|Any CPU.ActiveCfg = Debug|Any CPU
		{9F37CA02-E455-41C2-91BE-77A149CEB0F6}.Debug|Any CPU.Build.0 = Debug|Any CPU
		{9F37CA02-E455-41C2-91BE-77A149CEB0F6}.Release|Any CPU.ActiveCfg = Release|Any CPU
		{9F37CA02-E455-41C2-91BE-77A149CEB0F6}.Release|Any CPU.Build.0 = Release|Any CPU
		{8CA8AF62-B36A-4703-B62F-E6C69B67C9AB}.Debug|Any CPU.ActiveCfg = Debug|Any CPU
		{8CA8AF62-B36A-4703-B62F-E6C69B67C9AB}.Debug|Any CPU.Build.0 = Debug|Any CPU
		{8CA8AF62-B36A-4703-B62F-E6C69B67C9AB}.Release|Any CPU.ActiveCfg = Release|Any CPU
		{8CA8AF62-B36A-4703-B62F-E6C69B67C9AB}.Release|Any CPU.Build.0 = Release|Any CPU
		{56BDFE0D-8E28-4F28-A649-31BEC5585AD2}.Debug|Any CPU.ActiveCfg = Debug|Any CPU
		{56BDFE0D-8E28-4F28-A649-31BEC5585AD2}.Debug|Any CPU.Build.0 = Debug|Any CPU
		{56BDFE0D-8E28-4F28-A649-31BEC5585AD2}.Release|Any CPU.ActiveCfg = Release|Any CPU
		{56BDFE0D-8E28-4F28-A649-31BEC5585AD2}.Release|Any CPU.Build.0 = Release|Any CPU
		{266BFE60-04E1-4982-BDD0-37C4234632D7}.Debug|Any CPU.ActiveCfg = Debug|Any CPU
		{266BFE60-04E1-4982-BDD0-37C4234632D7}.Debug|Any CPU.Build.0 = Debug|Any CPU
		{266BFE60-04E1-4982-BDD0-37C4234632D7}.Release|Any CPU.ActiveCfg = Release|Any CPU
		{266BFE60-04E1-4982-BDD0-37C4234632D7}.Release|Any CPU.Build.0 = Release|Any CPU
	EndGlobalSection
	GlobalSection(SolutionProperties) = preSolution
		HideSolutionNode = FALSE
	EndGlobalSection
EndGlobal
